{
  "name": "hackathon-milestone",
  "version": "1.0.0",
  "lockfileVersion": 3,
  "requires": true,
  "packages": {
    "": {
      "name": "hackathon-milestone",
      "version": "1.0.0",
      "license": "MIT",
      "dependencies": {
        "hackathon-milestone": "^1.0.0"
      }
    },
    "node_modules/hackathon-milestone": {
      "version": "1.0.0",
      "resolved": "https://registry.npmjs.org/hackathon-milestone/-/hackathon-milestone-1.0.0.tgz",
      "integrity": "sha512-L3vmUQyQkrhm+kwXfhd+OI4TgJ1Cmz44S+8mHRkxfNSAUYbDRoor+ZQC9sMG846mai5BqPObHqtypb9U2i+ibw==",
      "license": "MIT"
    }
  }
}
